
Microsoft Visual Studio Solution File, Format Version 12.00
# Visual Studio Version 17
VisualStudioVersion = 17.0.31903.59
MinimumVisualStudioVersion = 10.0.40219.1
Project("{F2A71F9B-5D33-465A-A702-920D77279786}") = "Fesh.Revit", "Fesh.Revit\Fesh.Revit.fsproj", "{FD1F8C99-90CC-4C04-B228-F72B60162E00}"
EndProject
Project("{F2A71F9B-5D33-465A-A702-920D77279786}") = "Fesh.Revit.Bootstrapper", "Fesh.Revit.Bootstrapper\Fesh.Revit.Bootstrapper.fsproj", "{4CCCA9A9-1528-434A-9C54-9E21D67265D2}"
EndProject
Global
	GlobalSection(SolutionConfigurationPlatforms) = preSolution
		Debug|Any CPU = Debug|Any CPU
		Release|Any CPU = Release|Any CPU
	EndGlobalSection
	GlobalSection(SolutionProperties) = preSolution
		HideSolutionNode = FALSE
	EndGlobalSection
	GlobalSection(ProjectConfigurationPlatforms) = postSolution
		{FD1F8C99-90CC-4C04-B228-F72B60162E00}.Debug|Any CPU.ActiveCfg = Debug|Any CPU
		{FD1F8C99-90CC-4C04-B228-F72B60162E00}.Debug|Any CPU.Build.0 = Debug|Any CPU
		{FD1F8C99-90CC-4C04-B228-F72B60162E00}.Release|Any CPU.ActiveCfg = Release|Any CPU
		{FD1F8C99-90CC-4C04-B228-F72B60162E00}.Release|Any CPU.Build.0 = Release|Any CPU
		{4CCCA9A9-1528-434A-9C54-9E21D67265D2}.Debug|Any CPU.ActiveCfg = Release|Any CPU
		{4CCCA9A9-1528-434A-9C54-9E21D67265D2}.Debug|Any CPU.Build.0 = Release|Any CPU
		{4CCCA9A9-1528-434A-9C54-9E21D67265D2}.Release|Any CPU.ActiveCfg = Release|Any CPU
		{4CCCA9A9-1528-434A-9C54-9E21D67265D2}.Release|Any CPU.Build.0 = Release|Any CPU
	EndGlobalSection
EndGlobal
