
Microsoft Visual Studio Solution File, Format Version 12.00
# Visual Studio Version 16
VisualStudioVersion = 16.0.30104.148
MinimumVisualStudioVersion = 10.0.40219.1
Project("{6EC3EE1D-3C4E-46DD-8F32-0CC8E7565705}") = "Seff.Revit", "Seff.Revit.fsproj", "{4CD4BF15-980E-4966-87F4-ABE80F6B26DF}"
EndProject
Global
	GlobalSection(SolutionConfigurationPlatforms) = preSolution
		Debug|Any CPU = Debug|Any CPU
		Release|Any CPU = Release|Any CPU
	EndGlobalSection
	GlobalSection(ProjectConfigurationPlatforms) = postSolution
		{4CD4BF15-980E-4966-87F4-ABE80F6B26DF}.Debug|Any CPU.ActiveCfg = Debug|Any CPU
		{4CD4BF15-980E-4966-87F4-ABE80F6B26DF}.Debug|Any CPU.Build.0 = Debug|Any CPU
		{4CD4BF15-980E-4966-87F4-ABE80F6B26DF}.Release|Any CPU.ActiveCfg = Release|Any CPU
		{4CD4BF15-980E-4966-87F4-ABE80F6B26DF}.Release|Any CPU.Build.0 = Release|Any CPU
	EndGlobalSection
	GlobalSection(SolutionProperties) = preSolution
		HideSolutionNode = FALSE
	EndGlobalSection
	GlobalSection(ExtensibilityGlobals) = postSolution
		SolutionGuid = {5800D062-1740-4C2D-AB44-507802C28890}
	EndGlobalSection
EndGlobal
